// !$*UTF8*$!
{
	archiveVersion = 1;
	classes = {
	};
	objectVersion = 70;
	objects = {

/* Begin PBXBuildFile section */
		5751C20F2D2956DA0041F21A /* Calendar.swift in Sources */ = {isa = PBXBuildFile; fileRef = 5751C20E2D2956D60041F21A /* Calendar.swift */; };
		5751C2192D2AFF060041F21A /* todo-done.mp3 in Resources */ = {isa = PBXBuildFile; fileRef = 5751C2182D2AFF060041F21A /* todo-done.mp3 */; };
		92668D172D01B97700C765D4 /* ultragardenApp.swift in Sources */ = {isa = PBXBuildFile; fileRef = 92668D162D01B97700C765D4 /* ultragardenApp.swift */; };
		92668D1B2D01B97F00C765D4 /* Assets.xcassets in Resources */ = {isa = PBXBuildFile; fileRef = 92668D1A2D01B97F00C765D4 /* Assets.xcassets */; };
		92668D1E2D01B97F00C765D4 /* Preview Assets.xcassets in Resources */ = {isa = PBXBuildFile; fileRef = 92668D1D2D01B97F00C765D4 /* Preview Assets.xcassets */; };
		92668D282D01B98100C765D4 /* ultragardenTests.swift in Sources */ = {isa = PBXBuildFile; fileRef = 92668D272D01B98100C765D4 /* ultragardenTests.swift */; };
		92668D322D01B98100C765D4 /* ultragardenUITests.swift in Sources */ = {isa = PBXBuildFile; fileRef = 92668D312D01B98100C765D4 /* ultragardenUITests.swift */; };
		92668D342D01B98100C765D4 /* ultragardenUITestsLaunchTests.swift in Sources */ = {isa = PBXBuildFile; fileRef = 92668D332D01B98100C765D4 /* ultragardenUITestsLaunchTests.swift */; };
		92740C982D01E03D00D31B62 /* Colors.swift in Sources */ = {isa = PBXBuildFile; fileRef = 92740C972D01E03D00D31B62 /* Colors.swift */; };
		92740C9C2D0235DC00D31B62 /* Plant.swift in Sources */ = {isa = PBXBuildFile; fileRef = 92740C9B2D0235DC00D31B62 /* Plant.swift */; };
		92957CEF2D0AFD8A002BEBF5 /* Favorites.swift in Sources */ = {isa = PBXBuildFile; fileRef = 92957CEE2D0AFD8A002BEBF5 /* Favorites.swift */; };
/* End PBXBuildFile section */

/* Begin PBXContainerItemProxy section */
		92668D242D01B98100C765D4 /* PBXContainerItemProxy */ = {
			isa = PBXContainerItemProxy;
			containerPortal = 92668D0B2D01B97700C765D4 /* Project object */;
			proxyType = 1;
			remoteGlobalIDString = 92668D122D01B97700C765D4;
			remoteInfo = ultragarden;
		};
		92668D2E2D01B98100C765D4 /* PBXContainerItemProxy */ = {
			isa = PBXContainerItemProxy;
			containerPortal = 92668D0B2D01B97700C765D4 /* Project object */;
			proxyType = 1;
			remoteGlobalIDString = 92668D122D01B97700C765D4;
			remoteInfo = ultragarden;
		};
/* End PBXContainerItemProxy section */

/* Begin PBXFileReference section */
		5751C20E2D2956D60041F21A /* Calendar.swift */ = {isa = PBXFileReference; lastKnownFileType = sourcecode.swift; path = Calendar.swift; sourceTree = "<group>"; };
		5751C2182D2AFF060041F21A /* todo-done.mp3 */ = {isa = PBXFileReference; lastKnownFileType = audio.mp3; path = "todo-done.mp3"; sourceTree = "<group>"; };
		92668D132D01B97700C765D4 /* ultragarden.app */ = {isa = PBXFileReference; explicitFileType = wrapper.application; includeInIndex = 0; path = ultragarden.app; sourceTree = BUILT_PRODUCTS_DIR; };
		92668D162D01B97700C765D4 /* ultragardenApp.swift */ = {isa = PBXFileReference; lastKnownFileType = sourcecode.swift; path = ultragardenApp.swift; sourceTree = "<group>"; };
		92668D1A2D01B97F00C765D4 /* Assets.xcassets */ = {isa = PBXFileReference; lastKnownFileType = folder.assetcatalog; path = Assets.xcassets; sourceTree = "<group>"; };
		92668D1D2D01B97F00C765D4 /* Preview Assets.xcassets */ = {isa = PBXFileReference; lastKnownFileType = folder.assetcatalog; path = "Preview Assets.xcassets"; sourceTree = "<group>"; };
		92668D232D01B98100C765D4 /* ultragardenTests.xctest */ = {isa = PBXFileReference; explicitFileType = wrapper.cfbundle; includeInIndex = 0; path = ultragardenTests.xctest; sourceTree = BUILT_PRODUCTS_DIR; };
		92668D272D01B98100C765D4 /* ultragardenTests.swift */ = {isa = PBXFileReference; lastKnownFileType = sourcecode.swift; path = ultragardenTests.swift; sourceTree = "<group>"; };
		92668D2D2D01B98100C765D4 /* ultragardenUITests.xctest */ = {isa = PBXFileReference; explicitFileType = wrapper.cfbundle; includeInIndex = 0; path = ultragardenUITests.xctest; sourceTree = BUILT_PRODUCTS_DIR; };
		92668D312D01B98100C765D4 /* ultragardenUITests.swift */ = {isa = PBXFileReference; lastKnownFileType = sourcecode.swift; path = ultragardenUITests.swift; sourceTree = "<group>"; };
		92668D332D01B98100C765D4 /* ultragardenUITestsLaunchTests.swift */ = {isa = PBXFileReference; lastKnownFileType = sourcecode.swift; path = ultragardenUITestsLaunchTests.swift; sourceTree = "<group>"; };
		92740C972D01E03D00D31B62 /* Colors.swift */ = {isa = PBXFileReference; lastKnownFileType = sourcecode.swift; path = Colors.swift; sourceTree = "<group>"; };
		92740C9B2D0235DC00D31B62 /* Plant.swift */ = {isa = PBXFileReference; lastKnownFileType = sourcecode.swift; path = Plant.swift; sourceTree = "<group>"; };
		92957CEE2D0AFD8A002BEBF5 /* Favorites.swift */ = {isa = PBXFileReference; lastKnownFileType = sourcecode.swift; path = Favorites.swift; sourceTree = "<group>"; };
/* End PBXFileReference section */

/* Begin PBXFileSystemSynchronizedRootGroup section */
		5751C1FC2D286D560041F21A /* UI */ = {isa = PBXFileSystemSynchronizedRootGroup; explicitFileTypes = {}; explicitFolders = (); path = UI; sourceTree = "<group>"; };
/* End PBXFileSystemSynchronizedRootGroup section */

/* Begin PBXFrameworksBuildPhase section */
		92668D102D01B97700C765D4 /* Frameworks */ = {
			isa = PBXFrameworksBuildPhase;
			buildActionMask = 2147483647;
			files = (
			);
			runOnlyForDeploymentPostprocessing = 0;
		};
		92668D202D01B98100C765D4 /* Frameworks */ = {
			isa = PBXFrameworksBuildPhase;
			buildActionMask = 2147483647;
			files = (
			);
			runOnlyForDeploymentPostprocessing = 0;
		};
		92668D2A2D01B98100C765D4 /* Frameworks */ = {
			isa = PBXFrameworksBuildPhase;
			buildActionMask = 2147483647;
			files = (
			);
			runOnlyForDeploymentPostprocessing = 0;
		};
/* End PBXFrameworksBuildPhase section */

/* Begin PBXGroup section */
		92668D0A2D01B97700C765D4 = {
			isa = PBXGroup;
			children = (
				92668D152D01B97700C765D4 /* ultragarden */,
				92668D262D01B98100C765D4 /* ultragardenTests */,
				92668D302D01B98100C765D4 /* ultragardenUITests */,
				92668D142D01B97700C765D4 /* Products */,
			);
			sourceTree = "<group>";
		};
		92668D142D01B97700C765D4 /* Products */ = {
			isa = PBXGroup;
			children = (
				92668D132D01B97700C765D4 /* ultragarden.app */,
				92668D232D01B98100C765D4 /* ultragardenTests.xctest */,
				92668D2D2D01B98100C765D4 /* ultragardenUITests.xctest */,
			);
			name = Products;
			sourceTree = "<group>";
		};
		92668D152D01B97700C765D4 /* ultragarden */ = {
			isa = PBXGroup;
			children = (
				5751C20E2D2956D60041F21A /* Calendar.swift */,
				5751C1FC2D286D560041F21A /* UI */,
				92668D162D01B97700C765D4 /* ultragardenApp.swift */,
				92668D1A2D01B97F00C765D4 /* Assets.xcassets */,
				92668D1C2D01B97F00C765D4 /* Preview Content */,
				92740C972D01E03D00D31B62 /* Colors.swift */,
				5751C2182D2AFF060041F21A /* todo-done.mp3 */,
				92740C9B2D0235DC00D31B62 /* Plant.swift */,
				92957CEE2D0AFD8A002BEBF5 /* Favorites.swift */,
			);
			path = ultragarden;
			sourceTree = "<group>";
		};
		92668D1C2D01B97F00C765D4 /* Preview Content */ = {
			isa = PBXGroup;
			children = (
				92668D1D2D01B97F00C765D4 /* Preview Assets.xcassets */,
			);
			path = "Preview Content";
			sourceTree = "<group>";
		};
		92668D262D01B98100C765D4 /* ultragardenTests */ = {
			isa = PBXGroup;
			children = (
				92668D272D01B98100C765D4 /* ultragardenTests.swift */,
			);
			path = ultragardenTests;
			sourceTree = "<group>";
		};
		92668D302D01B98100C765D4 /* ultragardenUITests */ = {
			isa = PBXGroup;
			children = (
				92668D312D01B98100C765D4 /* ultragardenUITests.swift */,
				92668D332D01B98100C765D4 /* ultragardenUITestsLaunchTests.swift */,
			);
			path = ultragardenUITests;
			sourceTree = "<group>";
		};
/* End PBXGroup section */

/* Begin PBXNativeTarget section */
		92668D122D01B97700C765D4 /* ultragarden */ = {
			isa = PBXNativeTarget;
			buildConfigurationList = 92668D372D01B98100C765D4 /* Build configuration list for PBXNativeTarget "ultragarden" */;
			buildPhases = (
				92668D0F2D01B97700C765D4 /* Sources */,
				92668D102D01B97700C765D4 /* Frameworks */,
				92668D112D01B97700C765D4 /* Resources */,
			);
			buildRules = (
			);
			dependencies = (
			);
			fileSystemSynchronizedGroups = (
				5751C1FC2D286D560041F21A /* UI */,
			);
			name = ultragarden;
			productName = ultragarden;
			productReference = 92668D132D01B97700C765D4 /* ultragarden.app */;
			productType = "com.apple.product-type.application";
		};
		92668D222D01B98100C765D4 /* ultragardenTests */ = {
			isa = PBXNativeTarget;
			buildConfigurationList = 92668D3A2D01B98100C765D4 /* Build configuration list for PBXNativeTarget "ultragardenTests" */;
			buildPhases = (
				92668D1F2D01B98100C765D4 /* Sources */,
				92668D202D01B98100C765D4 /* Frameworks */,
				92668D212D01B98100C765D4 /* Resources */,
			);
			buildRules = (
			);
			dependencies = (
				92668D252D01B98100C765D4 /* PBXTargetDependency */,
			);
			name = ultragardenTests;
			productName = ultragardenTests;
			productReference = 92668D232D01B98100C765D4 /* ultragardenTests.xctest */;
			productType = "com.apple.product-type.bundle.unit-test";
		};
		92668D2C2D01B98100C765D4 /* ultragardenUITests */ = {
			isa = PBXNativeTarget;
			buildConfigurationList = 92668D3D2D01B98100C765D4 /* Build configuration list for PBXNativeTarget "ultragardenUITests" */;
			buildPhases = (
				92668D292D01B98100C765D4 /* Sources */,
				92668D2A2D01B98100C765D4 /* Frameworks */,
				92668D2B2D01B98100C765D4 /* Resources */,
			);
			buildRules = (
			);
			dependencies = (
				92668D2F2D01B98100C765D4 /* PBXTargetDependency */,
			);
			name = ultragardenUITests;
			productName = ultragardenUITests;
			productReference = 92668D2D2D01B98100C765D4 /* ultragardenUITests.xctest */;
			productType = "com.apple.product-type.bundle.ui-testing";
		};
/* End PBXNativeTarget section */

/* Begin PBXProject section */
		92668D0B2D01B97700C765D4 /* Project object */ = {
			isa = PBXProject;
			attributes = {
				BuildIndependentTargetsInParallel = 1;
				LastSwiftUpdateCheck = 1300;
				LastUpgradeCheck = 1300;
				TargetAttributes = {
					92668D122D01B97700C765D4 = {
						CreatedOnToolsVersion = 13.0;
					};
					92668D222D01B98100C765D4 = {
						CreatedOnToolsVersion = 13.0;
						TestTargetID = 92668D122D01B97700C765D4;
					};
					92668D2C2D01B98100C765D4 = {
						CreatedOnToolsVersion = 13.0;
						TestTargetID = 92668D122D01B97700C765D4;
					};
				};
			};
			buildConfigurationList = 92668D0E2D01B97700C765D4 /* Build configuration list for PBXProject "ultragarden" */;
			compatibilityVersion = "Xcode 13.0";
			developmentRegion = en;
			hasScannedForEncodings = 0;
			knownRegions = (
				en,
				Base,
			);
			mainGroup = 92668D0A2D01B97700C765D4;
			productRefGroup = 92668D142D01B97700C765D4 /* Products */;
			projectDirPath = "";
			projectRoot = "";
			targets = (
				92668D122D01B97700C765D4 /* ultragarden */,
				92668D222D01B98100C765D4 /* ultragardenTests */,
				92668D2C2D01B98100C765D4 /* ultragardenUITests */,
			);
		};
/* End PBXProject section */

/* Begin PBXResourcesBuildPhase section */
		92668D112D01B97700C765D4 /* Resources */ = {
			isa = PBXResourcesBuildPhase;
			buildActionMask = 2147483647;
			files = (
				92668D1E2D01B97F00C765D4 /* Preview Assets.xcassets in Resources */,
				92668D1B2D01B97F00C765D4 /* Assets.xcassets in Resources */,
				5751C2192D2AFF060041F21A /* todo-done.mp3 in Resources */,
			);
			runOnlyForDeploymentPostprocessing = 0;
		};
		92668D212D01B98100C765D4 /* Resources */ = {
			isa = PBXResourcesBuildPhase;
			buildActionMask = 2147483647;
			files = (
			);
			runOnlyForDeploymentPostprocessing = 0;
		};
		92668D2B2D01B98100C765D4 /* Resources */ = {
			isa = PBXResourcesBuildPhase;
			buildActionMask = 2147483647;
			files = (
			);
			runOnlyForDeploymentPostprocessing = 0;
		};
/* End PBXResourcesBuildPhase section */

/* Begin PBXSourcesBuildPhase section */
		92668D0F2D01B97700C765D4 /* Sources */ = {
			isa = PBXSourcesBuildPhase;
			buildActionMask = 2147483647;
			files = (
				92740C9C2D0235DC00D31B62 /* Plant.swift in Sources */,
				92740C982D01E03D00D31B62 /* Colors.swift in Sources */,
				5751C20F2D2956DA0041F21A /* Calendar.swift in Sources */,
				92957CEF2D0AFD8A002BEBF5 /* Favorites.swift in Sources */,
				92668D172D01B97700C765D4 /* ultragardenApp.swift in Sources */,
			);
			runOnlyForDeploymentPostprocessing = 0;
		};
		92668D1F2D01B98100C765D4 /* Sources */ = {
			isa = PBXSourcesBuildPhase;
			buildActionMask = 2147483647;
			files = (
				92668D282D01B98100C765D4 /* ultragardenTests.swift in Sources */,
			);
			runOnlyForDeploymentPostprocessing = 0;
		};
		92668D292D01B98100C765D4 /* Sources */ = {
			isa = PBXSourcesBuildPhase;
			buildActionMask = 2147483647;
			files = (
				92668D342D01B98100C765D4 /* ultragardenUITestsLaunchTests.swift in Sources */,
				92668D322D01B98100C765D4 /* ultragardenUITests.swift in Sources */,
			);
			runOnlyForDeploymentPostprocessing = 0;
		};
/* End PBXSourcesBuildPhase section */

/* Begin PBXTargetDependency section */
		92668D252D01B98100C765D4 /* PBXTargetDependency */ = {
			isa = PBXTargetDependency;
			target = 92668D122D01B97700C765D4 /* ultragarden */;
			targetProxy = 92668D242D01B98100C765D4 /* PBXContainerItemProxy */;
		};
		92668D2F2D01B98100C765D4 /* PBXTargetDependency */ = {
			isa = PBXTargetDependency;
			target = 92668D122D01B97700C765D4 /* ultragarden */;
			targetProxy = 92668D2E2D01B98100C765D4 /* PBXContainerItemProxy */;
		};
/* End PBXTargetDependency section */

/* Begin XCBuildConfiguration section */
		92668D352D01B98100C765D4 /* Debug */ = {
			isa = XCBuildConfiguration;
			buildSettings = {
				ALWAYS_SEARCH_USER_PATHS = NO;
				CLANG_ANALYZER_NONNULL = YES;
				CLANG_ANALYZER_NUMBER_OBJECT_CONVERSION = YES_AGGRESSIVE;
				CLANG_CXX_LANGUAGE_STANDARD = "gnu++17";
				CLANG_CXX_LIBRARY = "libc++";
				CLANG_ENABLE_MODULES = YES;
				CLANG_ENABLE_OBJC_ARC = YES;
				CLANG_ENABLE_OBJC_WEAK = YES;
				CLANG_WARN_BLOCK_CAPTURE_AUTORELEASING = YES;
				CLANG_WARN_BOOL_CONVERSION = YES;
				CLANG_WARN_COMMA = YES;
				CLANG_WARN_CONSTANT_CONVERSION = YES;
				CLANG_WARN_DEPRECATED_OBJC_IMPLEMENTATIONS = YES;
				CLANG_WARN_DIRECT_OBJC_ISA_USAGE = YES_ERROR;
				CLANG_WARN_DOCUMENTATION_COMMENTS = YES;
				CLANG_WARN_EMPTY_BODY = YES;
				CLANG_WARN_ENUM_CONVERSION = YES;
				CLANG_WARN_INFINITE_RECURSION = YES;
				CLANG_WARN_INT_CONVERSION = YES;
				CLANG_WARN_NON_LITERAL_NULL_CONVERSION = YES;
				CLANG_WARN_OBJC_IMPLICIT_RETAIN_SELF = YES;
				CLANG_WARN_OBJC_LITERAL_CONVERSION = YES;
				CLANG_WARN_OBJC_ROOT_CLASS = YES_ERROR;
				CLANG_WARN_QUOTED_INCLUDE_IN_FRAMEWORK_HEADER = YES;
				CLANG_WARN_RANGE_LOOP_ANALYSIS = YES;
				CLANG_WARN_STRICT_PROTOTYPES = YES;
				CLANG_WARN_SUSPICIOUS_MOVE = YES;
				CLANG_WARN_UNGUARDED_AVAILABILITY = YES_AGGRESSIVE;
				CLANG_WARN_UNREACHABLE_CODE = YES;
				CLANG_WARN__DUPLICATE_METHOD_MATCH = YES;
				COPY_PHASE_STRIP = NO;
				DEBUG_INFORMATION_FORMAT = dwarf;
				ENABLE_STRICT_OBJC_MSGSEND = YES;
				ENABLE_TESTABILITY = YES;
				GCC_C_LANGUAGE_STANDARD = gnu11;
				GCC_DYNAMIC_NO_PIC = NO;
				GCC_NO_COMMON_BLOCKS = YES;
				GCC_OPTIMIZATION_LEVEL = 0;
				GCC_PREPROCESSOR_DEFINITIONS = (
					"DEBUG=1",
					"$(inherited)",
				);
				GCC_WARN_64_TO_32_BIT_CONVERSION = YES;
				GCC_WARN_ABOUT_RETURN_TYPE = YES_ERROR;
				GCC_WARN_UNDECLARED_SELECTOR = YES;
				GCC_WARN_UNINITIALIZED_AUTOS = YES_AGGRESSIVE;
				GCC_WARN_UNUSED_FUNCTION = YES;
				GCC_WARN_UNUSED_VARIABLE = YES;
				IPHONEOS_DEPLOYMENT_TARGET = 15.0;
				MTL_ENABLE_DEBUG_INFO = INCLUDE_SOURCE;
				MTL_FAST_MATH = YES;
				ONLY_ACTIVE_ARCH = YES;
				SDKROOT = iphoneos;
				SWIFT_ACTIVE_COMPILATION_CONDITIONS = DEBUG;
				SWIFT_OPTIMIZATION_LEVEL = "-Onone";
			};
			name = Debug;
		};
		92668D362D01B98100C765D4 /* Release */ = {
			isa = XCBuildConfiguration;
			buildSettings = {
				ALWAYS_SEARCH_USER_PATHS = NO;
				CLANG_ANALYZER_NONNULL = YES;
				CLANG_ANALYZER_NUMBER_OBJECT_CONVERSION = YES_AGGRESSIVE;
				CLANG_CXX_LANGUAGE_STANDARD = "gnu++17";
				CLANG_CXX_LIBRARY = "libc++";
				CLANG_ENABLE_MODULES = YES;
				CLANG_ENABLE_OBJC_ARC = YES;
				CLANG_ENABLE_OBJC_WEAK = YES;
				CLANG_WARN_BLOCK_CAPTURE_AUTORELEASING = YES;
				CLANG_WARN_BOOL_CONVERSION = YES;
				CLANG_WARN_COMMA = YES;
				CLANG_WARN_CONSTANT_CONVERSION = YES;
				CLANG_WARN_DEPRECATED_OBJC_IMPLEMENTATIONS = YES;
				CLANG_WARN_DIRECT_OBJC_ISA_USAGE = YES_ERROR;
				CLANG_WARN_DOCUMENTATION_COMMENTS = YES;
				CLANG_WARN_EMPTY_BODY = YES;
				CLANG_WARN_ENUM_CONVERSION = YES;
				CLANG_WARN_INFINITE_RECURSION = YES;
				CLANG_WARN_INT_CONVERSION = YES;
				CLANG_WARN_NON_LITERAL_NULL_CONVERSION = YES;
				CLANG_WARN_OBJC_IMPLICIT_RETAIN_SELF = YES;
				CLANG_WARN_OBJC_LITERAL_CONVERSION = YES;
				CLANG_WARN_OBJC_ROOT_CLASS = YES_ERROR;
				CLANG_WARN_QUOTED_INCLUDE_IN_FRAMEWORK_HEADER = YES;
				CLANG_WARN_RANGE_LOOP_ANALYSIS = YES;
				CLANG_WARN_STRICT_PROTOTYPES = YES;
				CLANG_WARN_SUSPICIOUS_MOVE = YES;
				CLANG_WARN_UNGUARDED_AVAILABILITY = YES_AGGRESSIVE;
				CLANG_WARN_UNREACHABLE_CODE = YES;
				CLANG_WARN__DUPLICATE_METHOD_MATCH = YES;
				COPY_PHASE_STRIP = NO;
				DEBUG_INFORMATION_FORMAT = "dwarf-with-dsym";
				ENABLE_NS_ASSERTIONS = NO;
				ENABLE_STRICT_OBJC_MSGSEND = YES;
				GCC_C_LANGUAGE_STANDARD = gnu11;
				GCC_NO_COMMON_BLOCKS = YES;
				GCC_WARN_64_TO_32_BIT_CONVERSION = YES;
				GCC_WARN_ABOUT_RETURN_TYPE = YES_ERROR;
				GCC_WARN_UNDECLARED_SELECTOR = YES;
				GCC_WARN_UNINITIALIZED_AUTOS = YES_AGGRESSIVE;
				GCC_WARN_UNUSED_FUNCTION = YES;
				GCC_WARN_UNUSED_VARIABLE = YES;
				IPHONEOS_DEPLOYMENT_TARGET = 15.0;
				MTL_ENABLE_DEBUG_INFO = NO;
				MTL_FAST_MATH = YES;
				SDKROOT = iphoneos;
				SWIFT_COMPILATION_MODE = wholemodule;
				SWIFT_OPTIMIZATION_LEVEL = "-O";
				VALIDATE_PRODUCT = YES;
			};
			name = Release;
		};
		92668D382D01B98100C765D4 /* Debug */ = {
			isa = XCBuildConfiguration;
			buildSettings = {
				ASSETCATALOG_COMPILER_APPICON_NAME = AppIcon;
				ASSETCATALOG_COMPILER_GLOBAL_ACCENT_COLOR_NAME = AccentColor;
				CODE_SIGN_STYLE = Automatic;
				CURRENT_PROJECT_VERSION = 1;
				DEVELOPMENT_ASSET_PATHS = "\"ultragarden/Preview Content\"";
				ENABLE_PREVIEWS = YES;
				GENERATE_INFOPLIST_FILE = YES;
				INFOPLIST_KEY_UIApplicationSceneManifest_Generation = YES;
				INFOPLIST_KEY_UIApplicationSupportsIndirectInputEvents = YES;
				INFOPLIST_KEY_UILaunchScreen_Generation = YES;
				INFOPLIST_KEY_UISupportedInterfaceOrientations_iPad = "UIInterfaceOrientationPortrait UIInterfaceOrientationPortraitUpsideDown UIInterfaceOrientationLandscapeLeft UIInterfaceOrientationLandscapeRight";
				INFOPLIST_KEY_UISupportedInterfaceOrientations_iPhone = "UIInterfaceOrientationPortrait UIInterfaceOrientationLandscapeLeft UIInterfaceOrientationLandscapeRight";
				IPHONEOS_DEPLOYMENT_TARGET = 18.0;
				LD_RUNPATH_SEARCH_PATHS = (
					"$(inherited)",
					"@executable_path/Frameworks",
				);
				MARKETING_VERSION = 1.0;
				PRODUCT_BUNDLE_IDENTIFIER = ultrateam.ultragarden;
				PRODUCT_NAME = "$(TARGET_NAME)";
				SWIFT_EMIT_LOC_STRINGS = YES;
				SWIFT_VERSION = 5.0;
				TARGETED_DEVICE_FAMILY = "1,2";
			};
			name = Debug;
		};
		92668D392D01B98100C765D4 /* Release */ = {
			isa = XCBuildConfiguration;
			buildSettings = {
				ASSETCATALOG_COMPILER_APPICON_NAME = AppIcon;
				ASSETCATALOG_COMPILER_GLOBAL_ACCENT_COLOR_NAME = AccentColor;
				CODE_SIGN_STYLE = Automatic;
				CURRENT_PROJECT_VERSION = 1;
				DEVELOPMENT_ASSET_PATHS = "\"ultragarden/Preview Content\"";
				ENABLE_PREVIEWS = YES;
				GENERATE_INFOPLIST_FILE = YES;
				INFOPLIST_KEY_UIApplicationSceneManifest_Generation = YES;
				INFOPLIST_KEY_UIApplicationSupportsIndirectInputEvents = YES;
				INFOPLIST_KEY_UILaunchScreen_Generation = YES;
				INFOPLIST_KEY_UISupportedInterfaceOrientations_iPad = "UIInterfaceOrientationPortrait UIInterfaceOrientationPortraitUpsideDown UIInterfaceOrientationLandscapeLeft UIInterfaceOrientationLandscapeRight";
				INFOPLIST_KEY_UISupportedInterfaceOrientations_iPhone = "UIInterfaceOrientationPortrait UIInterfaceOrientationLandscapeLeft UIInterfaceOrientationLandscapeRight";
				IPHONEOS_DEPLOYMENT_TARGET = 18.0;
				LD_RUNPATH_SEARCH_PATHS = (
					"$(inherited)",
					"@executable_path/Frameworks",
				);
				MARKETING_VERSION = 1.0;
				PRODUCT_BUNDLE_IDENTIFIER = ultrateam.ultragarden;
				PRODUCT_NAME = "$(TARGET_NAME)";
				SWIFT_EMIT_LOC_STRINGS = YES;
				SWIFT_VERSION = 5.0;
				TARGETED_DEVICE_FAMILY = "1,2";
			};
			name = Release;
		};
		92668D3B2D01B98100C765D4 /* Debug */ = {
			isa = XCBuildConfiguration;
			buildSettings = {
				ALWAYS_EMBED_SWIFT_STANDARD_LIBRARIES = YES;
				BUNDLE_LOADER = "$(TEST_HOST)";
				CODE_SIGN_STYLE = Automatic;
				CURRENT_PROJECT_VERSION = 1;
				GENERATE_INFOPLIST_FILE = YES;
				IPHONEOS_DEPLOYMENT_TARGET = 18.0;
				LD_RUNPATH_SEARCH_PATHS = (
					"$(inherited)",
					"@executable_path/Frameworks",
					"@loader_path/Frameworks",
				);
				MARKETING_VERSION = 1.0;
				PRODUCT_BUNDLE_IDENTIFIER = ultrateam.ultragardenTests;
				PRODUCT_NAME = "$(TARGET_NAME)";
				SWIFT_EMIT_LOC_STRINGS = NO;
				SWIFT_VERSION = 5.0;
				TARGETED_DEVICE_FAMILY = "1,2";
				TEST_HOST = "$(BUILT_PRODUCTS_DIR)/ultragarden.app/ultragarden";
			};
			name = Debug;
		};
		92668D3C2D01B98100C765D4 /* Release */ = {
			isa = XCBuildConfiguration;
			buildSettings = {
				ALWAYS_EMBED_SWIFT_STANDARD_LIBRARIES = YES;
				BUNDLE_LOADER = "$(TEST_HOST)";
				CODE_SIGN_STYLE = Automatic;
				CURRENT_PROJECT_VERSION = 1;
				GENERATE_INFOPLIST_FILE = YES;
				IPHONEOS_DEPLOYMENT_TARGET = 18.0;
				LD_RUNPATH_SEARCH_PATHS = (
					"$(inherited)",
					"@executable_path/Frameworks",
					"@loader_path/Frameworks",
				);
				MARKETING_VERSION = 1.0;
				PRODUCT_BUNDLE_IDENTIFIER = ultrateam.ultragardenTests;
				PRODUCT_NAME = "$(TARGET_NAME)";
				SWIFT_EMIT_LOC_STRINGS = NO;
				SWIFT_VERSION = 5.0;
				TARGETED_DEVICE_FAMILY = "1,2";
				TEST_HOST = "$(BUILT_PRODUCTS_DIR)/ultragarden.app/ultragarden";
			};
			name = Release;
		};
		92668D3E2D01B98100C765D4 /* Debug */ = {
			isa = XCBuildConfiguration;
			buildSettings = {
				ALWAYS_EMBED_SWIFT_STANDARD_LIBRARIES = YES;
				CODE_SIGN_STYLE = Automatic;
				CURRENT_PROJECT_VERSION = 1;
				GENERATE_INFOPLIST_FILE = YES;
				LD_RUNPATH_SEARCH_PATHS = (
					"$(inherited)",
					"@executable_path/Frameworks",
					"@loader_path/Frameworks",
				);
				MARKETING_VERSION = 1.0;
				PRODUCT_BUNDLE_IDENTIFIER = ultrateam.ultragardenUITests;
				PRODUCT_NAME = "$(TARGET_NAME)";
				SWIFT_EMIT_LOC_STRINGS = NO;
				SWIFT_VERSION = 5.0;
				TARGETED_DEVICE_FAMILY = "1,2";
				TEST_TARGET_NAME = ultragarden;
			};
			name = Debug;
		};
		92668D3F2D01B98100C765D4 /* Release */ = {
			isa = XCBuildConfiguration;
			buildSettings = {
				ALWAYS_EMBED_SWIFT_STANDARD_LIBRARIES = YES;
				CODE_SIGN_STYLE = Automatic;
				CURRENT_PROJECT_VERSION = 1;
				GENERATE_INFOPLIST_FILE = YES;
				LD_RUNPATH_SEARCH_PATHS = (
					"$(inherited)",
					"@executable_path/Frameworks",
					"@loader_path/Frameworks",
				);
				MARKETING_VERSION = 1.0;
				PRODUCT_BUNDLE_IDENTIFIER = ultrateam.ultragardenUITests;
				PRODUCT_NAME = "$(TARGET_NAME)";
				SWIFT_EMIT_LOC_STRINGS = NO;
				SWIFT_VERSION = 5.0;
				TARGETED_DEVICE_FAMILY = "1,2";
				TEST_TARGET_NAME = ultragarden;
			};
			name = Release;
		};
/* End XCBuildConfiguration section */

/* Begin XCConfigurationList section */
		92668D0E2D01B97700C765D4 /* Build configuration list for PBXProject "ultragarden" */ = {
			isa = XCConfigurationList;
			buildConfigurations = (
				92668D352D01B98100C765D4 /* Debug */,
				92668D362D01B98100C765D4 /* Release */,
			);
			defaultConfigurationIsVisible = 0;
			defaultConfigurationName = Release;
		};
		92668D372D01B98100C765D4 /* Build configuration list for PBXNativeTarget "ultragarden" */ = {
			isa = XCConfigurationList;
			buildConfigurations = (
				92668D382D01B98100C765D4 /* Debug */,
				92668D392D01B98100C765D4 /* Release */,
			);
			defaultConfigurationIsVisible = 0;
			defaultConfigurationName = Release;
		};
		92668D3A2D01B98100C765D4 /* Build configuration list for PBXNativeTarget "ultragardenTests" */ = {
			isa = XCConfigurationList;
			buildConfigurations = (
				92668D3B2D01B98100C765D4 /* Debug */,
				92668D3C2D01B98100C765D4 /* Release */,
			);
			defaultConfigurationIsVisible = 0;
			defaultConfigurationName = Release;
		};
		92668D3D2D01B98100C765D4 /* Build configuration list for PBXNativeTarget "ultragardenUITests" */ = {
			isa = XCConfigurationList;
			buildConfigurations = (
				92668D3E2D01B98100C765D4 /* Debug */,
				92668D3F2D01B98100C765D4 /* Release */,
			);
			defaultConfigurationIsVisible = 0;
			defaultConfigurationName = Release;
		};
/* End XCConfigurationList section */
	};
	rootObject = 92668D0B2D01B97700C765D4 /* Project object */;
}
